#MicroXplorer Configuration settings - do not modify
Mcu.Family=STM32F7
ProjectManager.MainLocation=Src
Dma.USART2_RX.2.PeriphDataAlignment=DMA_PDATAALIGN_BYTE
PA2.GPIO_PuPd=GPIO_PULLUP
VP_TIM5_VS_ClockSourceINT.Mode=Internal
RCC.USART1Freq_Value=216000000
Dma.USART3_RX.1.Mode=DMA_NORMAL
RCC.SAI1Freq_Value=192000000
USART2.IPParameters=BaudRate,VirtualMode-Half_duplex(single_wire_mode)
RCC.CortexFreq_Value=216000000
PC10.GPIO_PuPd=GPIO_PULLUP
ProjectManager.KeepUserCode=true
Mcu.UserName=STM32F722RETx
PB10.GPIO_PuPd=GPIO_PULLUP
PB10.Mode=Asynchronous
VP_TIM5_VS_ClockSourceINT.Signal=TIM5_VS_ClockSourceINT
PC12.Locked=true
PC10.Locked=true
NVIC.DMA1_Stream2_IRQn=true\:0\:0\:false\:false\:true\:false\:true
RCC.PLLCLKFreq_Value=216000000
PC10.Signal=UART4_TX
PC12.Signal=UART5_TX
PB14.GPIO_Label=GPIO -> U3 RTS
RCC.PLLQCLKFreq_Value=216000000
ProjectManager.functionlistsort=1-MX_GPIO_Init-GPIO-false-HAL-true,2-MX_DMA_Init-DMA-false-HAL-true,3-SystemClock_Config-RCC-false-HAL-false,4-MX_USART3_UART_Init-USART3-false-HAL-true,5-MX_ADC1_Init-ADC1-false-HAL-true,6-MX_UART4_Init-UART4-false-HAL-true,7-MX_UART5_Init-UART5-false-HAL-true,8-MX_USART1_UART_Init-USART1-false-HAL-true,9-MX_USART2_UART_Init-USART2-false-HAL-true,10-MX_USART6_UART_Init-USART6-false-HAL-true
PC0.GPIOParameters=GPIO_Label
PA2.GPIO_Speed=GPIO_SPEED_FREQ_VERY_HIGH
USART3.SwapParam=ADVFEATURE_SWAP_DISABLE
PC0.GPIO_Label=ADC1_IN10 VBatt
PC3.Locked=true
PB0.GPIO_Label=GPIO (in) PCB routing dummy
RCC.PLLI2SRCLKFreq_Value=192000000
RCC.USART2Freq_Value=216000000
PD2.Locked=true
PB11.GPIO_PuPd=GPIO_PULLUP
PC1.Locked=true
PB11.Signal=USART3_RX
PB13.Signal=USART3_CTS
PB15.Signal=GPIO_Output
PA2.GPIOParameters=GPIO_Speed,GPIO_PuPd,GPIO_ModeDefaultOD
PB15.PinState=GPIO_PIN_SET
PinOutPanel.RotationAngle=0
RCC.SYSCLKSource=RCC_SYSCLKSOURCE_PLLCLK
ProjectManager.StackSize=0x400
PC8.PinState=GPIO_PIN_SET
Dma.UART5_RX.3.MemDataAlignment=DMA_MDATAALIGN_BYTE
Dma.UART5_RX.3.Mode=DMA_NORMAL
USART3.VirtualMode-Asynchronous=VM_ASYNC
RCC.I2C3Freq_Value=54000000
Mcu.IP4=NVIC
Mcu.IP5=RCC
RCC.FCLKCortexFreq_Value=216000000
Mcu.IP2=DMA
I2C1.IPParameters=Timing
NVIC.SVCall_IRQn=true\:0\:0\:false\:false\:true\:false\:false
Mcu.IP3=I2C1
Mcu.IP0=ADC1
Mcu.IP1=CORTEX_M7
Dma.USART3_RX.1.MemInc=DMA_MINC_ENABLE
USART3.BaudRate=1000000
Mcu.UserConstants=
Dma.USART3_RX.1.Instance=DMA1_Stream1
PC1.GPIOParameters=GPIO_Label
RCC.SDMMCFreq_Value=216000000
Mcu.ThirdPartyNb=0
UART4.BaudRate=1000000
RCC.HCLKFreq_Value=216000000
Mcu.IPNb=12
RCC.PLLI2SRoutputFreq_Value=192000000
ProjectManager.PreviousToolchain=
RCC.APB2TimFreq_Value=216000000
PB6.Signal=I2C1_SCL
Dma.USART3_RX.1.PeriphDataAlignment=DMA_PDATAALIGN_BYTE
PB6.Mode=I2C
Dma.USART2_RX.2.Priority=DMA_PRIORITY_HIGH
PC3.Signal=GPIO_Output
Mcu.Pin6=PA3
RCC.SAI2Freq_Value=192000000
Mcu.Pin7=PA5
Dma.USART2_RX.2.MemDataAlignment=DMA_MDATAALIGN_BYTE
Mcu.Pin8=PA7
Mcu.Pin9=PB0
RCC.VCOSAIOutputFreq_Value=384000000
UART5.OverSampling=UART_OVERSAMPLING_16
RCC.AHBFreq_Value=216000000
PB13.Locked=true
Mcu.Pin0=PC0
Mcu.Pin1=PC1
PC10.GPIO_ModeDefaultOD=GPIO_MODE_AF_OD
Mcu.Pin2=PC2
Mcu.Pin3=PC3
RCC.USART3Freq_Value=216000000
Mcu.Pin4=PA1
Mcu.Pin5=PA2
VP_TIM5_VS_ClockSourceITR.Signal=TIM5_VS_ClockSourceITR
ADC1.Channel-0\#ChannelRegularConversion=ADC_CHANNEL_10
ProjectManager.ProjectBuild=false
RCC.HSE_VALUE=25000000
NVIC.UsageFault_IRQn=true\:0\:0\:false\:false\:true\:false\:false
NVIC.DebugMonitor_IRQn=true\:0\:0\:false\:false\:true\:false\:false
Mcu.IP10=USART2
NVIC.SysTick_IRQn=true\:0\:0\:false\:false\:true\:false\:true
Dma.UART4_RX.0.MemDataAlignment=DMA_MDATAALIGN_BYTE
Mcu.IP11=USART3
PB12.GPIO_Label=GPIO input routing dummy
ProjectManager.FirmwarePackage=STM32Cube FW_F7 V1.15.0
MxDb.Version=DB.5.0.40
PB0.GPIOParameters=GPIO_Label
PA1.GPIOParameters=GPIO_Label
ProjectManager.BackupPrevious=false
RCC.VCOInputFreq_Value=2000000
Dma.USART3_RX.1.Priority=DMA_PRIORITY_HIGH
PA14.Mode=Serial_Wire
PA5.GPIO_PuPd=GPIO_PULLUP
File.Version=6
SH.ADCx_IN11.ConfNb=1
PB7.Signal=I2C1_SDA
Dma.UART4_RX.0.PeriphDataAlignment=DMA_PDATAALIGN_BYTE
PB6.Locked=true
NVIC.PendSV_IRQn=true\:0\:0\:false\:false\:true\:false\:false
Dma.UART5_RX.3.Priority=DMA_PRIORITY_HIGH
Dma.RequestsNb=4
ProjectManager.HalAssertFull=false
PB0.Locked=true
ADC1.SamplingTime-0\#ChannelRegularConversion=ADC_SAMPLETIME_3CYCLES
RCC.UART4CLockSelection=RCC_UART4CLKSOURCE_SYSCLK
ProjectManager.ProjectName=Spine R4
RCC.MCO2PinFreq_Value=216000000
PC8.GPIOParameters=PinState,GPIO_Label
Mcu.Package=LQFP64
Dma.USART3_RX.1.FIFOMode=DMA_FIFOMODE_DISABLE
PA7.Locked=true
PA5.Locked=true
Dma.USART2_RX.2.RequestParameters=Instance,Direction,PeriphInc,MemInc,PeriphDataAlignment,MemDataAlignment,Mode,Priority,FIFOMode
Dma.USART3_RX.1.Direction=DMA_PERIPH_TO_MEMORY
PA14.Locked=true
Dma.UART5_RX.3.PeriphInc=DMA_PINC_DISABLE
ProjectManager.ToolChainLocation=
RCC.LSI_VALUE=32000
VP_SYS_VS_Systick.Signal=SYS_VS_Systick
USART3.IPParameters=VirtualMode-Asynchronous,OverSampling,BaudRate,SwapParam
PA15.Signal=GPIO_Input
UART5.IPParameters=BaudRate,OverSampling
Dma.USART2_RX.2.Direction=DMA_PERIPH_TO_MEMORY
PA5.GPIOParameters=GPIO_PuPd,GPIO_Label
PB14.GPIOParameters=PinState,GPIO_Label
RCC.APB2CLKDivider=RCC_HCLK_DIV2
RCC.UART5CLockSelection=RCC_UART5CLKSOURCE_SYSCLK
Dma.Request2=USART2_RX
PC2.GPIO_ModeDefaultOutputPP=GPIO_MODE_OUTPUT_OD
Dma.Request1=USART3_RX
RCC.APB1TimFreq_Value=108000000
Dma.Request3=UART5_RX
NVIC.BusFault_IRQn=true\:0\:0\:false\:false\:true\:false\:false
NVIC.DMA1_Stream0_IRQn=true\:0\:0\:false\:false\:true\:false\:true
UART5.BaudRate=1000000
PB10.GPIOParameters=GPIO_PuPd
PB13.Mode=CTS_Only
Dma.Request0=UART4_RX
UART4.OverSampling=UART_OVERSAMPLING_16
VP_TIM5_VS_ClockSourceITR.Mode=TriggerSource_ITR0
PC2.GPIO_Label=GPIO (out) ADC Supply GND
ProjectManager.CustomerFirmwarePackage=
RCC.PLLSAIQCLKFreq_Value=192000000
PB15.Locked=true
PB3.Locked=true
PA3.Signal=GPIO_Input
PA2.Locked=true
Dma.UART4_RX.0.MemInc=DMA_MINC_ENABLE
RCC.I2SFreq_Value=192000000
RCC.PLLQoutputFreq_Value=216000000
ProjectManager.ProjectFileName=Spine R4.ioc
ADC1.Rank-0\#ChannelRegularConversion=1
TIM5.IPParameters=Prescaler,Period,ClockDivision
UART4.IPParameters=OverSampling,BaudRate
Mcu.PinsNb=30
ProjectManager.NoMain=false
PC11.Locked=true
ADC1.IPParameters=Rank-0\#ChannelRegularConversion,Channel-0\#ChannelRegularConversion,SamplingTime-0\#ChannelRegularConversion,NbrOfConversionFlag,master
PC11.Signal=GPIO_Input
Dma.UART4_RX.0.Mode=DMA_NORMAL
PC8.Signal=GPIO_Output
PC2.Signal=GPIO_Output
PC10.Mode=Half_duplex(single_wire_mode)
Dma.USART3_RX.1.MemDataAlignment=DMA_MDATAALIGN_BYTE
ProjectManager.DefaultFWLocation=true
NVIC.DMA1_Stream1_IRQn=true\:0\:0\:false\:false\:true\:false\:true
PB12.Locked=true
ProjectManager.DeletePrevious=true
PC0.Signal=ADCx_IN10
PB14.Locked=true
RCC.APB1CLKDivider=RCC_HCLK_DIV4
PB10.Locked=true
PA2.GPIO_ModeDefaultOD=GPIO_MODE_AF_OD
USART2.BaudRate=1000000
Dma.USART2_RX.2.Mode=DMA_NORMAL
RCC.FamilyName=M
TIM5.ClockDivision=TIM_CLOCKDIVISION_DIV1
RCC.USART6CLockSelection=RCC_USART6CLKSOURCE_SYSCLK
PC3.GPIOParameters=GPIO_Label,GPIO_ModeDefaultOutputPP
USART3.OverSampling=UART_OVERSAMPLING_16
PC8.GPIO_Label=GPIO enable Vreg RPIZW
PA13.Signal=SYS_JTMS-SWDIO
Dma.UART5_RX.3.Instance=DMA1_Stream0
PA15.Locked=true
PB14.PinState=GPIO_PIN_SET
Dma.USART2_RX.2.MemInc=DMA_MINC_ENABLE
Dma.UART4_RX.0.Direction=DMA_PERIPH_TO_MEMORY
PB11.Mode=Asynchronous
ProjectManager.TargetToolchain=STM32CubeIDE
NVIC.DMA1_Stream5_IRQn=true\:0\:0\:false\:false\:true\:false\:true
RCC.USART6Freq_Value=216000000
I2C1.Timing=0x20404768
PB11.GPIOParameters=GPIO_PuPd
PC2.Locked=true
RCC.USBFreq_Value=216000000
Dma.UART4_RX.0.PeriphInc=DMA_PINC_DISABLE
RCC.PLLSAIoutputFreq_Value=192000000
RCC.LSE_VALUE=32768
PA1.Signal=GPIO_Output
PA7.GPIO_PuPd=GPIO_PULLUP
PB10.Signal=USART3_TX
RCC.VCOI2SOutputFreq_Value=384000000
PB14.Signal=GPIO_Output
PA5.Signal=GPIO_Input
PC12.Mode=Half_duplex(single_wire_mode)
RCC.PLLSAIPCLKFreq_Value=192000000
board=custom
RCC.VCOOutputFreq_Value=432000000
ProjectManager.LastFirmware=true
Dma.UART4_RX.0.FIFOMode=DMA_FIFOMODE_DISABLE
Dma.UART5_RX.3.RequestParameters=Instance,Direction,PeriphInc,MemInc,PeriphDataAlignment,MemDataAlignment,Mode,Priority,FIFOMode
Dma.USART3_RX.1.RequestParameters=Instance,Direction,PeriphInc,MemInc,PeriphDataAlignment,MemDataAlignment,Mode,Priority,FIFOMode
Dma.UART4_RX.0.Priority=DMA_PRIORITY_HIGH
Dma.USART2_RX.2.PeriphInc=DMA_PINC_DISABLE
RCC.APB2Freq_Value=108000000
RCC.UART4Freq_Value=216000000
SH.ADCx_IN11.0=ADC1_IN11,IN11
MxCube.Version=5.4.0
PB15.GPIO_Label=GPIO enable Vreg Servo
RCC.I2C1Freq_Value=54000000
RCC.RNGFreq_Value=216000000
PC2.GPIOParameters=GPIO_Label,GPIO_ModeDefaultOutputPP
SH.ADCx_IN10.ConfNb=1
Dma.UART5_RX.3.FIFOMode=DMA_FIFOMODE_DISABLE
PC1.GPIO_Label=ADC1_IN11 VBatt/2
PA1.GPIO_Label=GPIO out LED
VP_SYS_VS_Systick.Mode=SysTick
Dma.UART4_RX.0.RequestParameters=Instance,Direction,PeriphInc,MemInc,PeriphDataAlignment,MemDataAlignment,Mode,Priority,FIFOMode
Dma.UART5_RX.3.PeriphDataAlignment=DMA_PDATAALIGN_BYTE
NVIC.NonMaskableInt_IRQn=true\:0\:0\:false\:false\:true\:false\:false
PC10.GPIOParameters=GPIO_PuPd,GPIO_ModeDefaultOD
RCC.UART5Freq_Value=216000000
PB15.GPIOParameters=PinState,GPIO_Label
PA13.Mode=Serial_Wire
ProjectManager.FreePins=false
RCC.IPParameters=AHBFreq_Value,APB1CLKDivider,APB1Freq_Value,APB1TimFreq_Value,APB2CLKDivider,APB2Freq_Value,APB2TimFreq_Value,CortexFreq_Value,FCLKCortexFreq_Value,FamilyName,HCLKFreq_Value,HSE_VALUE,HSI_VALUE,I2C1Freq_Value,I2C2Freq_Value,I2C3Freq_Value,I2SFreq_Value,LSE_VALUE,LSI_VALUE,MCO2PinFreq_Value,PLLCLKFreq_Value,PLLI2SQCLKFreq_Value,PLLI2SRCLKFreq_Value,PLLI2SRoutputFreq_Value,PLLM,PLLN,PLLQCLKFreq_Value,PLLQoutputFreq_Value,PLLSAIPCLKFreq_Value,PLLSAIQCLKFreq_Value,PLLSAIoutputFreq_Value,RNGFreq_Value,SAI1Freq_Value,SAI2Freq_Value,SDMMCFreq_Value,SYSCLKFreq_VALUE,SYSCLKSource,UART4CLockSelection,UART4Freq_Value,UART5CLockSelection,UART5Freq_Value,USART1CLockSelection,USART1Freq_Value,USART2CLockSelection,USART2Freq_Value,USART3CLockSelection,USART3Freq_Value,USART6CLockSelection,USART6Freq_Value,USBFreq_Value,VCOI2SOutputFreq_Value,VCOInputFreq_Value,VCOOutputFreq_Value,VCOSAIOutputFreq_Value
ProjectManager.AskForMigrate=false
Mcu.Name=STM32F722R(C-E)Tx
RCC.PLLI2SQCLKFreq_Value=192000000
Mcu.Pin26=PB7
Dma.UART5_RX.3.Direction=DMA_PERIPH_TO_MEMORY
Mcu.Pin27=VP_SYS_VS_Systick
PA2.Signal=USART2_TX
Mcu.Pin24=PB3
ProjectManager.UnderRoot=true
Mcu.Pin25=PB6
Mcu.IP8=UART4
Mcu.IP9=UART5
Mcu.Pin28=VP_TIM5_VS_ClockSourceINT
Mcu.IP6=SYS
Mcu.Pin29=VP_TIM5_VS_ClockSourceITR
Mcu.IP7=TIM5
ProjectManager.CoupleFile=false
PB3.Signal=GPIO_Input
RCC.SYSCLKFreq_VALUE=216000000
Mcu.Pin22=PC12
Mcu.Pin23=PD2
PA1.Locked=true
PA7.GPIO_Label=GPIO (in) Head Padding
Mcu.Pin20=PC10
ADC1.master=1
PA3.Locked=true
Mcu.Pin21=PC11
RCC.USART1CLockSelection=RCC_USART1CLKSOURCE_SYSCLK
PA5.GPIO_Label=GPIO (in) Nose Bumper
NVIC.ForceEnableDMAVector=true
KeepUserPlacement=false
TIM5.Prescaler=54000
Dma.USART2_RX.2.Instance=DMA1_Stream5
NVIC.MemoryManagement_IRQn=true\:0\:0\:false\:false\:true\:false\:false
PA13.Locked=true
ProjectManager.CompilerOptimize=6
USART2.VirtualMode-Half_duplex(single_wire_mode)=VM_ASYNC
PB7.Mode=I2C
PA14.Signal=SYS_JTCK-SWCLK
SH.ADCx_IN10.0=ADC1_IN10,IN10
ProjectManager.HeapSize=0x200
Mcu.Pin15=PB15
NVIC.HardFault_IRQn=true\:0\:0\:false\:false\:true\:false\:false
Mcu.Pin16=PC8
Mcu.Pin13=PB13
Mcu.Pin14=PB14
Mcu.Pin19=PA15
ProjectManager.ComputerToolchain=false
Mcu.Pin17=PA13
RCC.HSI_VALUE=16000000
Mcu.Pin18=PA14
NVIC.PriorityGroup=NVIC_PRIORITYGROUP_4
ADC1.NbrOfConversionFlag=1
Mcu.Pin11=PB11
Mcu.Pin12=PB12
RCC.PLLM=8
RCC.PLLN=216
Mcu.Pin10=PB10
Dma.UART4_RX.0.Instance=DMA1_Stream2
PB7.Locked=true
PA2.Mode=Half_duplex(single_wire_mode)
PC3.GPIO_Label=GPIO (out) ADC/2 GND
PC8.Locked=true
TIM5.Period=0xffffffff
Dma.USART2_RX.2.FIFOMode=DMA_FIFOMODE_DISABLE
RCC.USART2CLockSelection=RCC_USART2CLKSOURCE_SYSCLK
PC3.GPIO_ModeDefaultOutputPP=GPIO_MODE_OUTPUT_OD
PD2.Signal=GPIO_Input
RCC.I2C2Freq_Value=54000000
RCC.APB1Freq_Value=54000000
PB0.Signal=GPIO_Input
PA7.GPIOParameters=GPIO_PuPd,GPIO_Label
PC0.Locked=true
PB11.Locked=true
RCC.USART3CLockSelection=RCC_USART3CLKSOURCE_SYSCLK
ProjectManager.DeviceId=STM32F722RETx
PC1.Signal=ADCx_IN11
PB12.GPIOParameters=GPIO_Label
PB12.Signal=GPIO_Input
ProjectManager.LibraryCopy=1
Dma.USART3_RX.1.PeriphInc=DMA_PINC_DISABLE
Dma.UART5_RX.3.MemInc=DMA_MINC_ENABLE
PA7.Signal=GPIO_Input
